// !$*UTF8*$!
{
	archiveVersion = 1;
	classes = {
	};
	objectVersion = 77;
	objects = {

/* Begin PBXContainerItemProxy section */
		681034FD2DE6F812004ECCA4 /* PBXContainerItemProxy */ = {
			isa = PBXContainerItemProxy;
			containerPortal = 681034E32DE6F80F004ECCA4 /* Project object */;
			proxyType = 1;
			remoteGlobalIDString = 681034EA2DE6F80F004ECCA4;
			remoteInfo = "Trail Log Summer Project";
		};
		681035072DE6F812004ECCA4 /* PBXContainerItemProxy */ = {
			isa = PBXContainerItemProxy;
			containerPortal = 681034E32DE6F80F004ECCA4 /* Project object */;
			proxyType = 1;
			remoteGlobalIDString = 681034EA2DE6F80F004ECCA4;
			remoteInfo = "Trail Log Summer Project";
		};
/* End PBXContainerItemProxy section */

/* Begin PBXFileReference section */
		681034EB2DE6F80F004ECCA4 /* Trail Log Summer Project.app */ = {isa = PBXFileReference; explicitFileType = wrapper.application; includeInIndex = 0; path = "Trail Log Summer Project.app"; sourceTree = BUILT_PRODUCTS_DIR; };
		681034FC2DE6F812004ECCA4 /* Trail Log Summer ProjectTests.xctest */ = {isa = PBXFileReference; explicitFileType = wrapper.cfbundle; includeInIndex = 0; path = "Trail Log Summer ProjectTests.xctest"; sourceTree = BUILT_PRODUCTS_DIR; };
		681035062DE6F812004ECCA4 /* Trail Log Summer ProjectUITests.xctest */ = {isa = PBXFileReference; explicitFileType = wrapper.cfbundle; includeInIndex = 0; path = "Trail Log Summer ProjectUITests.xctest"; sourceTree = BUILT_PRODUCTS_DIR; };
/* End PBXFileReference section */

/* Begin PBXFileSystemSynchronizedBuildFileExceptionSet section */
		6810350E2DE6F812004ECCA4 /* Exceptions for "Trail Log Summer Project" folder in "Trail Log Summer Project" target */ = {
			isa = PBXFileSystemSynchronizedBuildFileExceptionSet;
			membershipExceptions = (
				Info.plist,
			);
			target = 681034EA2DE6F80F004ECCA4 /* Trail Log Summer Project */;
		};
/* End PBXFileSystemSynchronizedBuildFileExceptionSet section */

/* Begin PBXFileSystemSynchronizedRootGroup section */
		681034ED2DE6F80F004ECCA4 /* Trail Log Summer Project */ = {
			isa = PBXFileSystemSynchronizedRootGroup;
			exceptions = (
				6810350E2DE6F812004ECCA4 /* Exceptions for "Trail Log Summer Project" folder in "Trail Log Summer Project" target */,
			);
			path = "Trail Log Summer Project";
			sourceTree = "<group>";
		};
		681034FF2DE6F812004ECCA4 /* Trail Log Summer ProjectTests */ = {
			isa = PBXFileSystemSynchronizedRootGroup;
			path = "Trail Log Summer ProjectTests";
			sourceTree = "<group>";
		};
		681035092DE6F812004ECCA4 /* Trail Log Summer ProjectUITests */ = {
			isa = PBXFileSystemSynchronizedRootGroup;
			path = "Trail Log Summer ProjectUITests";
			sourceTree = "<group>";
		};
/* End PBXFileSystemSynchronizedRootGroup section */

/* Begin PBXFrameworksBuildPhase section */
		681034E82DE6F80F004ECCA4 /* Frameworks */ = {
			isa = PBXFrameworksBuildPhase;
			buildActionMask = 2147483647;
			files = (
			);
			runOnlyForDeploymentPostprocessing = 0;
		};
		681034F92DE6F812004ECCA4 /* Frameworks */ = {
			isa = PBXFrameworksBuildPhase;
			buildActionMask = 2147483647;
			files = (
			);
			runOnlyForDeploymentPostprocessing = 0;
		};
		681035032DE6F812004ECCA4 /* Frameworks */ = {
			isa = PBXFrameworksBuildPhase;
			buildActionMask = 2147483647;
			files = (
			);
			runOnlyForDeploymentPostprocessing = 0;
		};
/* End PBXFrameworksBuildPhase section */

/* Begin PBXGroup section */
		681034E22DE6F80F004ECCA4 = {
			isa = PBXGroup;
			children = (
				681034ED2DE6F80F004ECCA4 /* Trail Log Summer Project */,
				681034FF2DE6F812004ECCA4 /* Trail Log Summer ProjectTests */,
				681035092DE6F812004ECCA4 /* Trail Log Summer ProjectUITests */,
				681034EC2DE6F80F004ECCA4 /* Products */,
			);
			sourceTree = "<group>";
		};
		681034EC2DE6F80F004ECCA4 /* Products */ = {
			isa = PBXGroup;
			children = (
				681034EB2DE6F80F004ECCA4 /* Trail Log Summer Project.app */,
				681034FC2DE6F812004ECCA4 /* Trail Log Summer ProjectTests.xctest */,
				681035062DE6F812004ECCA4 /* Trail Log Summer ProjectUITests.xctest */,
			);
			name = Products;
			sourceTree = "<group>";
		};
/* End PBXGroup section */

/* Begin PBXNativeTarget section */
		681034EA2DE6F80F004ECCA4 /* Trail Log Summer Project */ = {
			isa = PBXNativeTarget;
			buildConfigurationList = 6810350F2DE6F812004ECCA4 /* Build configuration list for PBXNativeTarget "Trail Log Summer Project" */;
			buildPhases = (
				681034E72DE6F80F004ECCA4 /* Sources */,
				681034E82DE6F80F004ECCA4 /* Frameworks */,
				681034E92DE6F80F004ECCA4 /* Resources */,
			);
			buildRules = (
			);
			dependencies = (
			);
			fileSystemSynchronizedGroups = (
				681034ED2DE6F80F004ECCA4 /* Trail Log Summer Project */,
			);
			name = "Trail Log Summer Project";
			packageProductDependencies = (
			);
			productName = "Trail Log Summer Project";
			productReference = 681034EB2DE6F80F004ECCA4 /* Trail Log Summer Project.app */;
			productType = "com.apple.product-type.application";
		};
		681034FB2DE6F812004ECCA4 /* Trail Log Summer ProjectTests */ = {
			isa = PBXNativeTarget;
			buildConfigurationList = 681035142DE6F812004ECCA4 /* Build configuration list for PBXNativeTarget "Trail Log Summer ProjectTests" */;
			buildPhases = (
				681034F82DE6F812004ECCA4 /* Sources */,
				681034F92DE6F812004ECCA4 /* Frameworks */,
				681034FA2DE6F812004ECCA4 /* Resources */,
			);
			buildRules = (
			);
			dependencies = (
				681034FE2DE6F812004ECCA4 /* PBXTargetDependency */,
			);
			fileSystemSynchronizedGroups = (
				681034FF2DE6F812004ECCA4 /* Trail Log Summer ProjectTests */,
			);
			name = "Trail Log Summer ProjectTests";
			packageProductDependencies = (
			);
			productName = "Trail Log Summer ProjectTests";
			productReference = 681034FC2DE6F812004ECCA4 /* Trail Log Summer ProjectTests.xctest */;
			productType = "com.apple.product-type.bundle.unit-test";
		};
		681035052DE6F812004ECCA4 /* Trail Log Summer ProjectUITests */ = {
			isa = PBXNativeTarget;
			buildConfigurationList = 681035172DE6F812004ECCA4 /* Build configuration list for PBXNativeTarget "Trail Log Summer ProjectUITests" */;
			buildPhases = (
				681035022DE6F812004ECCA4 /* Sources */,
				681035032DE6F812004ECCA4 /* Frameworks */,
				681035042DE6F812004ECCA4 /* Resources */,
			);
			buildRules = (
			);
			dependencies = (
				681035082DE6F812004ECCA4 /* PBXTargetDependency */,
			);
			fileSystemSynchronizedGroups = (
				681035092DE6F812004ECCA4 /* Trail Log Summer ProjectUITests */,
			);
			name = "Trail Log Summer ProjectUITests";
			packageProductDependencies = (
			);
			productName = "Trail Log Summer ProjectUITests";
			productReference = 681035062DE6F812004ECCA4 /* Trail Log Summer ProjectUITests.xctest */;
			productType = "com.apple.product-type.bundle.ui-testing";
		};
/* End PBXNativeTarget section */

/* Begin PBXProject section */
		681034E32DE6F80F004ECCA4 /* Project object */ = {
			isa = PBXProject;
			attributes = {
				BuildIndependentTargetsInParallel = 1;
				LastSwiftUpdateCheck = 1630;
				LastUpgradeCheck = 1630;
				TargetAttributes = {
					681034EA2DE6F80F004ECCA4 = {
						CreatedOnToolsVersion = 16.3;
					};
					681034FB2DE6F812004ECCA4 = {
						CreatedOnToolsVersion = 16.3;
						TestTargetID = 681034EA2DE6F80F004ECCA4;
					};
					681035052DE6F812004ECCA4 = {
						CreatedOnToolsVersion = 16.3;
						TestTargetID = 681034EA2DE6F80F004ECCA4;
					};
				};
			};
			buildConfigurationList = 681034E62DE6F80F004ECCA4 /* Build configuration list for PBXProject "Trail Log Summer Project" */;
			developmentRegion = en;
			hasScannedForEncodings = 0;
			knownRegions = (
				en,
				Base,
			);
			mainGroup = 681034E22DE6F80F004ECCA4;
			minimizedProjectReferenceProxies = 1;
			preferredProjectObjectVersion = 77;
			productRefGroup = 681034EC2DE6F80F004ECCA4 /* Products */;
			projectDirPath = "";
			projectRoot = "";
			targets = (
				681034EA2DE6F80F004ECCA4 /* Trail Log Summer Project */,
				681034FB2DE6F812004ECCA4 /* Trail Log Summer ProjectTests */,
				681035052DE6F812004ECCA4 /* Trail Log Summer ProjectUITests */,
			);
		};
/* End PBXProject section */

/* Begin PBXResourcesBuildPhase section */
		681034E92DE6F80F004ECCA4 /* Resources */ = {
			isa = PBXResourcesBuildPhase;
			buildActionMask = 2147483647;
			files = (
			);
			runOnlyForDeploymentPostprocessing = 0;
		};
		681034FA2DE6F812004ECCA4 /* Resources */ = {
			isa = PBXResourcesBuildPhase;
			buildActionMask = 2147483647;
			files = (
			);
			runOnlyForDeploymentPostprocessing = 0;
		};
		681035042DE6F812004ECCA4 /* Resources */ = {
			isa = PBXResourcesBuildPhase;
			buildActionMask = 2147483647;
			files = (
			);
			runOnlyForDeploymentPostprocessing = 0;
		};
/* End PBXResourcesBuildPhase section */

/* Begin PBXSourcesBuildPhase section */
		681034E72DE6F80F004ECCA4 /* Sources */ = {
			isa = PBXSourcesBuildPhase;
			buildActionMask = 2147483647;
			files = (
			);
			runOnlyForDeploymentPostprocessing = 0;
		};
		681034F82DE6F812004ECCA4 /* Sources */ = {
			isa = PBXSourcesBuildPhase;
			buildActionMask = 2147483647;
			files = (
			);
			runOnlyForDeploymentPostprocessing = 0;
		};
		681035022DE6F812004ECCA4 /* Sources */ = {
			isa = PBXSourcesBuildPhase;
			buildActionMask = 2147483647;
			files = (
			);
			runOnlyForDeploymentPostprocessing = 0;
		};
/* End PBXSourcesBuildPhase section */

/* Begin PBXTargetDependency section */
		681034FE2DE6F812004ECCA4 /* PBXTargetDependency */ = {
			isa = PBXTargetDependency;
			target = 681034EA2DE6F80F004ECCA4 /* Trail Log Summer Project */;
			targetProxy = 681034FD2DE6F812004ECCA4 /* PBXContainerItemProxy */;
		};
		681035082DE6F812004ECCA4 /* PBXTargetDependency */ = {
			isa = PBXTargetDependency;
			target = 681034EA2DE6F80F004ECCA4 /* Trail Log Summer Project */;
			targetProxy = 681035072DE6F812004ECCA4 /* PBXContainerItemProxy */;
		};
/* End PBXTargetDependency section */

/* Begin XCBuildConfiguration section */
		681035102DE6F812004ECCA4 /* Debug */ = {
			isa = XCBuildConfiguration;
			buildSettings = {
				ASSETCATALOG_COMPILER_APPICON_NAME = AppIcon;
				ASSETCATALOG_COMPILER_GLOBAL_ACCENT_COLOR_NAME = AccentColor;
				CODE_SIGN_ENTITLEMENTS = "Trail Log Summer Project/Trail_Log_Summer_Project.entitlements";
				CODE_SIGN_STYLE = Automatic;
				CURRENT_PROJECT_VERSION = 1;
				DEVELOPMENT_TEAM = NRY6LW3W8N;
				ENABLE_PREVIEWS = YES;
				GENERATE_INFOPLIST_FILE = YES;
				INFOPLIST_FILE = "Trail Log Summer Project/Info.plist";
				INFOPLIST_KEY_UIApplicationSceneManifest_Generation = YES;
				INFOPLIST_KEY_UIApplicationSupportsIndirectInputEvents = YES;
				INFOPLIST_KEY_UILaunchScreen_Generation = YES;
				INFOPLIST_KEY_UISupportedInterfaceOrientations_iPad = "UIInterfaceOrientationPortrait UIInterfaceOrientationPortraitUpsideDown UIInterfaceOrientationLandscapeLeft UIInterfaceOrientationLandscapeRight";
				INFOPLIST_KEY_UISupportedInterfaceOrientations_iPhone = "UIInterfaceOrientationPortrait UIInterfaceOrientationLandscapeLeft UIInterfaceOrientationLandscapeRight";
				LD_RUNPATH_SEARCH_PATHS = (
					"$(inherited)",
					"@executable_path/Frameworks",
				);
				MARKETING_VERSION = 1.0;
				PRODUCT_BUNDLE_IDENTIFIER = "TrailLog.Trail-Log-Summer-Project";
				PRODUCT_NAME = "$(TARGET_NAME)";
				SWIFT_EMIT_LOC_STRINGS = YES;
				SWIFT_VERSION = 5.0;
				TARGETED_DEVICE_FAMILY = "1,2";
			};
			name = Debug;
		};
		681035112DE6F812004ECCA4 /* Release */ = {
			isa = XCBuildConfiguration;
			buildSettings = {
				ASSETCATALOG_COMPILER_APPICON_NAME = AppIcon;
				ASSETCATALOG_COMPILER_GLOBAL_ACCENT_COLOR_NAME = AccentColor;
				CODE_SIGN_ENTITLEMENTS = "Trail Log Summer Project/Trail_Log_Summer_Project.entitlements";
				CODE_SIGN_STYLE = Automatic;
				CURRENT_PROJECT_VERSION = 1;
				DEVELOPMENT_TEAM = NRY6LW3W8N;
				ENABLE_PREVIEWS = YES;
				GENERATE_INFOPLIST_FILE = YES;
				INFOPLIST_FILE = "Trail Log Summer Project/Info.plist";
				INFOPLIST_KEY_UIApplicationSceneManifest_Generation = YES;
				INFOPLIST_KEY_UIApplicationSupportsIndirectInputEvents = YES;
				INFOPLIST_KEY_UILaunchScreen_Generation = YES;
				INFOPLIST_KEY_UISupportedInterfaceOrientations_iPad = "UIInterfaceOrientationPortrait UIInterfaceOrientationPortraitUpsideDown UIInterfaceOrientationLandscapeLeft UIInterfaceOrientationLandscapeRight";
				INFOPLIST_KEY_UISupportedInterfaceOrientations_iPhone = "UIInterfaceOrientationPortrait UIInterfaceOrientationLandscapeLeft UIInterfaceOrientationLandscapeRight";
				LD_RUNPATH_SEARCH_PATHS = (
					"$(inherited)",
					"@executable_path/Frameworks",
				);
				MARKETING_VERSION = 1.0;
				PRODUCT_BUNDLE_IDENTIFIER = "TrailLog.Trail-Log-Summer-Project";
				PRODUCT_NAME = "$(TARGET_NAME)";
				SWIFT_EMIT_LOC_STRINGS = YES;
				SWIFT_VERSION = 5.0;
				TARGETED_DEVICE_FAMILY = "1,2";
			};
			name = Release;
		};
		681035122DE6F812004ECCA4 /* Debug */ = {
			isa = XCBuildConfiguration;
			buildSettings = {
				ALWAYS_SEARCH_USER_PATHS = NO;
				ASSETCATALOG_COMPILER_GENERATE_SWIFT_ASSET_SYMBOL_EXTENSIONS = YES;
				CLANG_ANALYZER_NONNULL = YES;
				CLANG_ANALYZER_NUMBER_OBJECT_CONVERSION = YES_AGGRESSIVE;
				CLANG_CXX_LANGUAGE_STANDARD = "gnu++20";
				CLANG_ENABLE_MODULES = YES;
				CLANG_ENABLE_OBJC_ARC = YES;
				CLANG_ENABLE_OBJC_WEAK = YES;
				CLANG_WARN_BLOCK_CAPTURE_AUTORELEASING = YES;
				CLANG_WARN_BOOL_CONVERSION = YES;
				CLANG_WARN_COMMA = YES;
				CLANG_WARN_CONSTANT_CONVERSION = YES;
				CLANG_WARN_DEPRECATED_OBJC_IMPLEMENTATIONS = YES;
				CLANG_WARN_DIRECT_OBJC_ISA_USAGE = YES_ERROR;
				CLANG_WARN_DOCUMENTATION_COMMENTS = YES;
				CLANG_WARN_EMPTY_BODY = YES;
				CLANG_WARN_ENUM_CONVERSION = YES;
				CLANG_WARN_INFINITE_RECURSION = YES;
				CLANG_WARN_INT_CONVERSION = YES;
				CLANG_WARN_NON_LITERAL_NULL_CONVERSION = YES;
				CLANG_WARN_OBJC_IMPLICIT_RETAIN_SELF = YES;
				CLANG_WARN_OBJC_LITERAL_CONVERSION = YES;
				CLANG_WARN_OBJC_ROOT_CLASS = YES_ERROR;
				CLANG_WARN_QUOTED_INCLUDE_IN_FRAMEWORK_HEADER = YES;
				CLANG_WARN_RANGE_LOOP_ANALYSIS = YES;
				CLANG_WARN_STRICT_PROTOTYPES = YES;
				CLANG_WARN_SUSPICIOUS_MOVE = YES;
				CLANG_WARN_UNGUARDED_AVAILABILITY = YES_AGGRESSIVE;
				CLANG_WARN_UNREACHABLE_CODE = YES;
				CLANG_WARN__DUPLICATE_METHOD_MATCH = YES;
				COPY_PHASE_STRIP = NO;
				DEBUG_INFORMATION_FORMAT = dwarf;
				DEVELOPMENT_TEAM = NRY6LW3W8N;
				ENABLE_STRICT_OBJC_MSGSEND = YES;
				ENABLE_TESTABILITY = YES;
				ENABLE_USER_SCRIPT_SANDBOXING = YES;
				GCC_C_LANGUAGE_STANDARD = gnu17;
				GCC_DYNAMIC_NO_PIC = NO;
				GCC_NO_COMMON_BLOCKS = YES;
				GCC_OPTIMIZATION_LEVEL = 0;
				GCC_PREPROCESSOR_DEFINITIONS = (
					"DEBUG=1",
					"$(inherited)",
				);
				GCC_WARN_64_TO_32_BIT_CONVERSION = YES;
				GCC_WARN_ABOUT_RETURN_TYPE = YES_ERROR;
				GCC_WARN_UNDECLARED_SELECTOR = YES;
				GCC_WARN_UNINITIALIZED_AUTOS = YES_AGGRESSIVE;
				GCC_WARN_UNUSED_FUNCTION = YES;
				GCC_WARN_UNUSED_VARIABLE = YES;
				IPHONEOS_DEPLOYMENT_TARGET = 18.4;
				LOCALIZATION_PREFERS_STRING_CATALOGS = YES;
				MTL_ENABLE_DEBUG_INFO = INCLUDE_SOURCE;
				MTL_FAST_MATH = YES;
				ONLY_ACTIVE_ARCH = YES;
				SDKROOT = iphoneos;
				SWIFT_ACTIVE_COMPILATION_CONDITIONS = "DEBUG $(inherited)";
				SWIFT_OPTIMIZATION_LEVEL = "-Onone";
			};
			name = Debug;
		};
		681035132DE6F812004ECCA4 /* Release */ = {
			isa = XCBuildConfiguration;
			buildSettings = {
				ALWAYS_SEARCH_USER_PATHS = NO;
				ASSETCATALOG_COMPILER_GENERATE_SWIFT_ASSET_SYMBOL_EXTENSIONS = YES;
				CLANG_ANALYZER_NONNULL = YES;
				CLANG_ANALYZER_NUMBER_OBJECT_CONVERSION = YES_AGGRESSIVE;
				CLANG_CXX_LANGUAGE_STANDARD = "gnu++20";
				CLANG_ENABLE_MODULES = YES;
				CLANG_ENABLE_OBJC_ARC = YES;
				CLANG_ENABLE_OBJC_WEAK = YES;
				CLANG_WARN_BLOCK_CAPTURE_AUTORELEASING = YES;
				CLANG_WARN_BOOL_CONVERSION = YES;
				CLANG_WARN_COMMA = YES;
				CLANG_WARN_CONSTANT_CONVERSION = YES;
				CLANG_WARN_DEPRECATED_OBJC_IMPLEMENTATIONS = YES;
				CLANG_WARN_DIRECT_OBJC_ISA_USAGE = YES_ERROR;
				CLANG_WARN_DOCUMENTATION_COMMENTS = YES;
				CLANG_WARN_EMPTY_BODY = YES;
				CLANG_WARN_ENUM_CONVERSION = YES;
				CLANG_WARN_INFINITE_RECURSION = YES;
				CLANG_WARN_INT_CONVERSION = YES;
				CLANG_WARN_NON_LITERAL_NULL_CONVERSION = YES;
				CLANG_WARN_OBJC_IMPLICIT_RETAIN_SELF = YES;
				CLANG_WARN_OBJC_LITERAL_CONVERSION = YES;
				CLANG_WARN_OBJC_ROOT_CLASS = YES_ERROR;
				CLANG_WARN_QUOTED_INCLUDE_IN_FRAMEWORK_HEADER = YES;
				CLANG_WARN_RANGE_LOOP_ANALYSIS = YES;
				CLANG_WARN_STRICT_PROTOTYPES = YES;
				CLANG_WARN_SUSPICIOUS_MOVE = YES;
				CLANG_WARN_UNGUARDED_AVAILABILITY = YES_AGGRESSIVE;
				CLANG_WARN_UNREACHABLE_CODE = YES;
				CLANG_WARN__DUPLICATE_METHOD_MATCH = YES;
				COPY_PHASE_STRIP = NO;
				DEBUG_INFORMATION_FORMAT = "dwarf-with-dsym";
				DEVELOPMENT_TEAM = NRY6LW3W8N;
				ENABLE_NS_ASSERTIONS = NO;
				ENABLE_STRICT_OBJC_MSGSEND = YES;
				ENABLE_USER_SCRIPT_SANDBOXING = YES;
				GCC_C_LANGUAGE_STANDARD = gnu17;
				GCC_NO_COMMON_BLOCKS = YES;
				GCC_WARN_64_TO_32_BIT_CONVERSION = YES;
				GCC_WARN_ABOUT_RETURN_TYPE = YES_ERROR;
				GCC_WARN_UNDECLARED_SELECTOR = YES;
				GCC_WARN_UNINITIALIZED_AUTOS = YES_AGGRESSIVE;
				GCC_WARN_UNUSED_FUNCTION = YES;
				GCC_WARN_UNUSED_VARIABLE = YES;
				IPHONEOS_DEPLOYMENT_TARGET = 18.4;
				LOCALIZATION_PREFERS_STRING_CATALOGS = YES;
				MTL_ENABLE_DEBUG_INFO = NO;
				MTL_FAST_MATH = YES;
				SDKROOT = iphoneos;
				SWIFT_COMPILATION_MODE = wholemodule;
				VALIDATE_PRODUCT = YES;
			};
			name = Release;
		};
		681035152DE6F812004ECCA4 /* Debug */ = {
			isa = XCBuildConfiguration;
			buildSettings = {
				BUNDLE_LOADER = "$(TEST_HOST)";
				CODE_SIGN_STYLE = Automatic;
				CURRENT_PROJECT_VERSION = 1;
				DEVELOPMENT_TEAM = NRY6LW3W8N;
				GENERATE_INFOPLIST_FILE = YES;
				IPHONEOS_DEPLOYMENT_TARGET = 18.4;
				MARKETING_VERSION = 1.0;
				PRODUCT_BUNDLE_IDENTIFIER = "TrailLog.Trail-Log-Summer-ProjectTests";
				PRODUCT_NAME = "$(TARGET_NAME)";
				SWIFT_EMIT_LOC_STRINGS = NO;
				SWIFT_VERSION = 5.0;
				TARGETED_DEVICE_FAMILY = "1,2";
				TEST_HOST = "$(BUILT_PRODUCTS_DIR)/Trail Log Summer Project.app/$(BUNDLE_EXECUTABLE_FOLDER_PATH)/Trail Log Summer Project";
			};
			name = Debug;
		};
		681035162DE6F812004ECCA4 /* Release */ = {
			isa = XCBuildConfiguration;
			buildSettings = {
				BUNDLE_LOADER = "$(TEST_HOST)";
				CODE_SIGN_STYLE = Automatic;
				CURRENT_PROJECT_VERSION = 1;
				DEVELOPMENT_TEAM = NRY6LW3W8N;
				GENERATE_INFOPLIST_FILE = YES;
				IPHONEOS_DEPLOYMENT_TARGET = 18.4;
				MARKETING_VERSION = 1.0;
				PRODUCT_BUNDLE_IDENTIFIER = "TrailLog.Trail-Log-Summer-ProjectTests";
				PRODUCT_NAME = "$(TARGET_NAME)";
				SWIFT_EMIT_LOC_STRINGS = NO;
				SWIFT_VERSION = 5.0;
				TARGETED_DEVICE_FAMILY = "1,2";
				TEST_HOST = "$(BUILT_PRODUCTS_DIR)/Trail Log Summer Project.app/$(BUNDLE_EXECUTABLE_FOLDER_PATH)/Trail Log Summer Project";
			};
			name = Release;
		};
		681035182DE6F812004ECCA4 /* Debug */ = {
			isa = XCBuildConfiguration;
			buildSettings = {
				CODE_SIGN_STYLE = Automatic;
				CURRENT_PROJECT_VERSION = 1;
				DEVELOPMENT_TEAM = NRY6LW3W8N;
				GENERATE_INFOPLIST_FILE = YES;
				MARKETING_VERSION = 1.0;
				PRODUCT_BUNDLE_IDENTIFIER = "TrailLog.Trail-Log-Summer-ProjectUITests";
				PRODUCT_NAME = "$(TARGET_NAME)";
				SWIFT_EMIT_LOC_STRINGS = NO;
				SWIFT_VERSION = 5.0;
				TARGETED_DEVICE_FAMILY = "1,2";
				TEST_TARGET_NAME = "Trail Log Summer Project";
			};
			name = Debug;
		};
		681035192DE6F812004ECCA4 /* Release */ = {
			isa = XCBuildConfiguration;
			buildSettings = {
				CODE_SIGN_STYLE = Automatic;
				CURRENT_PROJECT_VERSION = 1;
				DEVELOPMENT_TEAM = NRY6LW3W8N;
				GENERATE_INFOPLIST_FILE = YES;
				MARKETING_VERSION = 1.0;
				PRODUCT_BUNDLE_IDENTIFIER = "TrailLog.Trail-Log-Summer-ProjectUITests";
				PRODUCT_NAME = "$(TARGET_NAME)";
				SWIFT_EMIT_LOC_STRINGS = NO;
				SWIFT_VERSION = 5.0;
				TARGETED_DEVICE_FAMILY = "1,2";
				TEST_TARGET_NAME = "Trail Log Summer Project";
			};
			name = Release;
		};
/* End XCBuildConfiguration section */

/* Begin XCConfigurationList section */
		681034E62DE6F80F004ECCA4 /* Build configuration list for PBXProject "Trail Log Summer Project" */ = {
			isa = XCConfigurationList;
			buildConfigurations = (
				681035122DE6F812004ECCA4 /* Debug */,
				681035132DE6F812004ECCA4 /* Release */,
			);
			defaultConfigurationIsVisible = 0;
			defaultConfigurationName = Release;
		};
		6810350F2DE6F812004ECCA4 /* Build configuration list for PBXNativeTarget "Trail Log Summer Project" */ = {
			isa = XCConfigurationList;
			buildConfigurations = (
				681035102DE6F812004ECCA4 /* Debug */,
				681035112DE6F812004ECCA4 /* Release */,
			);
			defaultConfigurationIsVisible = 0;
			defaultConfigurationName = Release;
		};
		681035142DE6F812004ECCA4 /* Build configuration list for PBXNativeTarget "Trail Log Summer ProjectTests" */ = {
			isa = XCConfigurationList;
			buildConfigurations = (
				681035152DE6F812004ECCA4 /* Debug */,
				681035162DE6F812004ECCA4 /* Release */,
			);
			defaultConfigurationIsVisible = 0;
			defaultConfigurationName = Release;
		};
		681035172DE6F812004ECCA4 /* Build configuration list for PBXNativeTarget "Trail Log Summer ProjectUITests" */ = {
			isa = XCConfigurationList;
			buildConfigurations = (
				681035182DE6F812004ECCA4 /* Debug */,
				681035192DE6F812004ECCA4 /* Release */,
			);
			defaultConfigurationIsVisible = 0;
			defaultConfigurationName = Release;
		};
/* End XCConfigurationList section */
	};
	rootObject = 681034E32DE6F80F004ECCA4 /* Project object */;
}
